
Microsoft Visual Studio Solution File, Format Version 12.00
# Visual Studio Version 16
VisualStudioVersion = 16.0.30225.117
MinimumVisualStudioVersion = 10.0.40219.1
Project("{FAE04EC0-301F-11D3-BF4B-00C04F79EFBC}") = "PastryShoppeMenu", "PastryShoppeMenu\PastryShoppeMenu.csproj", "{8C8B44A4-4420-46B4-8B3F-41AE11BA3132}"
EndProject
Project("{FAE04EC0-301F-11D3-BF4B-00C04F79EFBC}") = "DataLibrary", "DataLibrary\DataLibrary.csproj", "{E03BCD64-90C0-466E-83B1-3EBD40C79576}"
EndProject
Project("{00D1A9C2-B5F0-4AF3-8072-F6C62B433612}") = "PastryShoppeDB", "PastryShoppeDB\PastryShoppeDB.sqlproj", "{4FED7E1C-4C87-47DD-9F7A-C6E8063EB95C}"
EndProject
Project("{2150E333-8FDC-42A3-9474-1A3956D46DE8}") = "Solution Items", "Solution Items", "{2A99244F-4FA6-468C-8FCE-27E661198F8D}"
	ProjectSection(SolutionItems) = preProject
		.editorconfig = .editorconfig
	EndProjectSection
EndProject
Global
	GlobalSection(SolutionConfigurationPlatforms) = preSolution
		Debug|Any CPU = Debug|Any CPU
		Release|Any CPU = Release|Any CPU
	EndGlobalSection
	GlobalSection(ProjectConfigurationPlatforms) = postSolution
		{8C8B44A4-4420-46B4-8B3F-41AE11BA3132}.Debug|Any CPU.ActiveCfg = Debug|Any CPU
		{8C8B44A4-4420-46B4-8B3F-41AE11BA3132}.Debug|Any CPU.Build.0 = Debug|Any CPU
		{8C8B44A4-4420-46B4-8B3F-41AE11BA3132}.Release|Any CPU.ActiveCfg = Release|Any CPU
		{8C8B44A4-4420-46B4-8B3F-41AE11BA3132}.Release|Any CPU.Build.0 = Release|Any CPU
		{E03BCD64-90C0-466E-83B1-3EBD40C79576}.Debug|Any CPU.ActiveCfg = Debug|Any CPU
		{E03BCD64-90C0-466E-83B1-3EBD40C79576}.Debug|Any CPU.Build.0 = Debug|Any CPU
		{E03BCD64-90C0-466E-83B1-3EBD40C79576}.Release|Any CPU.ActiveCfg = Release|Any CPU
		{E03BCD64-90C0-466E-83B1-3EBD40C79576}.Release|Any CPU.Build.0 = Release|Any CPU
		{4FED7E1C-4C87-47DD-9F7A-C6E8063EB95C}.Debug|Any CPU.ActiveCfg = Debug|Any CPU
		{4FED7E1C-4C87-47DD-9F7A-C6E8063EB95C}.Debug|Any CPU.Build.0 = Debug|Any CPU
		{4FED7E1C-4C87-47DD-9F7A-C6E8063EB95C}.Debug|Any CPU.Deploy.0 = Debug|Any CPU
		{4FED7E1C-4C87-47DD-9F7A-C6E8063EB95C}.Release|Any CPU.ActiveCfg = Release|Any CPU
		{4FED7E1C-4C87-47DD-9F7A-C6E8063EB95C}.Release|Any CPU.Build.0 = Release|Any CPU
		{4FED7E1C-4C87-47DD-9F7A-C6E8063EB95C}.Release|Any CPU.Deploy.0 = Release|Any CPU
	EndGlobalSection
	GlobalSection(SolutionProperties) = preSolution
		HideSolutionNode = FALSE
	EndGlobalSection
	GlobalSection(ExtensibilityGlobals) = postSolution
		SolutionGuid = {087C55B3-DC74-4647-AE6D-3F86B104838D}
	EndGlobalSection
EndGlobal
